
Microsoft Visual Studio Solution File, Format Version 12.00
# Visual Studio 2013
VisualStudioVersion = 12.0.30501.0
MinimumVisualStudioVersion = 10.0.40219.1
Project("{FAE04EC0-301F-11D3-BF4B-00C04F79EFBC}") = "DansTesComs.WebSite", "DansTesComs.WebSite\DansTesComs.WebSite.csproj", "{5F44CA30-B150-4993-B5EF-8A9334F3A62A}"
EndProject
Project("{FAE04EC0-301F-11D3-BF4B-00C04F79EFBC}") = "DansTesComs.WebSite.Tests", "DansTesComs.WebSite.Tests\DansTesComs.WebSite.Tests.csproj", "{5372002B-0926-453B-9553-06080A27A2FF}"
EndProject
Project("{FAE04EC0-301F-11D3-BF4B-00C04F79EFBC}") = "DansTesComs.DAL", "DansTesComs.DAL\DansTesComs.DAL.csproj", "{657C227E-4B6E-4007-844A-CD21ED682AEF}"
EndProject
Project("{FAE04EC0-301F-11D3-BF4B-00C04F79EFBC}") = "DansTesComs.WebAPI", "DansTesComs.WebAPI\DansTesComs.WebAPI.csproj", "{D67885A3-5B83-4E43-BC97-E8460D528BB6}"
EndProject
Project("{FAE04EC0-301F-11D3-BF4B-00C04F79EFBC}") = "DansTesComs.WebAPI.Tests", "DansTesComs.WebAPI.Tests\DansTesComs.WebAPI.Tests.csproj", "{6A1A5525-AE72-4DAC-A17F-61E8A184627A}"
EndProject
Project("{2150E333-8FDC-42A3-9474-1A3956D46DE8}") = "testUnitaire", "testUnitaire", "{D3124FC8-855F-49ED-A4E2-A15D71A05636}"
EndProject
Project("{FAE04EC0-301F-11D3-BF4B-00C04F79EFBC}") = "DansTesComs.Core", "DansTesComs.Core\DansTesComs.Core.csproj", "{A3255FE3-4DC6-44CF-B489-B7B7447797C4}"
EndProject
Project("{FAE04EC0-301F-11D3-BF4B-00C04F79EFBC}") = "DansTesComs.Core.Tests", "DansTesComs.Core.Tests\DansTesComs.Core.Tests.csproj", "{4A95DC23-B890-4C80-8473-DF19F8220595}"
EndProject
Global
	GlobalSection(SolutionConfigurationPlatforms) = preSolution
		Debug|Any CPU = Debug|Any CPU
		Release|Any CPU = Release|Any CPU
	EndGlobalSection
	GlobalSection(ProjectConfigurationPlatforms) = postSolution
		{5F44CA30-B150-4993-B5EF-8A9334F3A62A}.Debug|Any CPU.ActiveCfg = Debug|Any CPU
		{5F44CA30-B150-4993-B5EF-8A9334F3A62A}.Debug|Any CPU.Build.0 = Debug|Any CPU
		{5F44CA30-B150-4993-B5EF-8A9334F3A62A}.Release|Any CPU.ActiveCfg = Release|Any CPU
		{5F44CA30-B150-4993-B5EF-8A9334F3A62A}.Release|Any CPU.Build.0 = Release|Any CPU
		{5372002B-0926-453B-9553-06080A27A2FF}.Debug|Any CPU.ActiveCfg = Debug|Any CPU
		{5372002B-0926-453B-9553-06080A27A2FF}.Debug|Any CPU.Build.0 = Debug|Any CPU
		{5372002B-0926-453B-9553-06080A27A2FF}.Release|Any CPU.ActiveCfg = Release|Any CPU
		{5372002B-0926-453B-9553-06080A27A2FF}.Release|Any CPU.Build.0 = Release|Any CPU
		{657C227E-4B6E-4007-844A-CD21ED682AEF}.Debug|Any CPU.ActiveCfg = Debug|Any CPU
		{657C227E-4B6E-4007-844A-CD21ED682AEF}.Debug|Any CPU.Build.0 = Debug|Any CPU
		{657C227E-4B6E-4007-844A-CD21ED682AEF}.Release|Any CPU.ActiveCfg = Release|Any CPU
		{657C227E-4B6E-4007-844A-CD21ED682AEF}.Release|Any CPU.Build.0 = Release|Any CPU
		{D67885A3-5B83-4E43-BC97-E8460D528BB6}.Debug|Any CPU.ActiveCfg = Debug|Any CPU
		{D67885A3-5B83-4E43-BC97-E8460D528BB6}.Debug|Any CPU.Build.0 = Debug|Any CPU
		{D67885A3-5B83-4E43-BC97-E8460D528BB6}.Release|Any CPU.ActiveCfg = Release|Any CPU
		{D67885A3-5B83-4E43-BC97-E8460D528BB6}.Release|Any CPU.Build.0 = Release|Any CPU
		{6A1A5525-AE72-4DAC-A17F-61E8A184627A}.Debug|Any CPU.ActiveCfg = Debug|Any CPU
		{6A1A5525-AE72-4DAC-A17F-61E8A184627A}.Debug|Any CPU.Build.0 = Debug|Any CPU
		{6A1A5525-AE72-4DAC-A17F-61E8A184627A}.Release|Any CPU.ActiveCfg = Release|Any CPU
		{6A1A5525-AE72-4DAC-A17F-61E8A184627A}.Release|Any CPU.Build.0 = Release|Any CPU
		{A3255FE3-4DC6-44CF-B489-B7B7447797C4}.Debug|Any CPU.ActiveCfg = Debug|Any CPU
		{A3255FE3-4DC6-44CF-B489-B7B7447797C4}.Debug|Any CPU.Build.0 = Debug|Any CPU
		{A3255FE3-4DC6-44CF-B489-B7B7447797C4}.Release|Any CPU.ActiveCfg = Release|Any CPU
		{A3255FE3-4DC6-44CF-B489-B7B7447797C4}.Release|Any CPU.Build.0 = Release|Any CPU
		{4A95DC23-B890-4C80-8473-DF19F8220595}.Debug|Any CPU.ActiveCfg = Debug|Any CPU
		{4A95DC23-B890-4C80-8473-DF19F8220595}.Debug|Any CPU.Build.0 = Debug|Any CPU
		{4A95DC23-B890-4C80-8473-DF19F8220595}.Release|Any CPU.ActiveCfg = Release|Any CPU
		{4A95DC23-B890-4C80-8473-DF19F8220595}.Release|Any CPU.Build.0 = Release|Any CPU
	EndGlobalSection
	GlobalSection(SolutionProperties) = preSolution
		HideSolutionNode = FALSE
	EndGlobalSection
	GlobalSection(NestedProjects) = preSolution
		{5372002B-0926-453B-9553-06080A27A2FF} = {D3124FC8-855F-49ED-A4E2-A15D71A05636}
		{6A1A5525-AE72-4DAC-A17F-61E8A184627A} = {D3124FC8-855F-49ED-A4E2-A15D71A05636}
		{4A95DC23-B890-4C80-8473-DF19F8220595} = {D3124FC8-855F-49ED-A4E2-A15D71A05636}
	EndGlobalSection
EndGlobal
